
Microsoft Visual Studio Solution File, Format Version 12.00
# Visual Studio 15
VisualStudioVersion = 15.0.26730.12
MinimumVisualStudioVersion = 10.0.40219.1
Project("{FAE04EC0-301F-11D3-BF4B-00C04F79EFBC}") = "Admin", "Admin\Admin.csproj", "{7DA46F56-3E72-4607-A4A8-5C7C9A999A8E}"
EndProject
Global
	GlobalSection(SolutionConfigurationPlatforms) = preSolution
		Debug|Any CPU = Debug|Any CPU
		Release|Any CPU = Release|Any CPU
	EndGlobalSection
	GlobalSection(ProjectConfigurationPlatforms) = postSolution
		{7DA46F56-3E72-4607-A4A8-5C7C9A999A8E}.Debug|Any CPU.ActiveCfg = Debug|Any CPU
		{7DA46F56-3E72-4607-A4A8-5C7C9A999A8E}.Debug|Any CPU.Build.0 = Debug|Any CPU
		{7DA46F56-3E72-4607-A4A8-5C7C9A999A8E}.Release|Any CPU.ActiveCfg = Release|Any CPU
		{7DA46F56-3E72-4607-A4A8-5C7C9A999A8E}.Release|Any CPU.Build.0 = Release|Any CPU
	EndGlobalSection
	GlobalSection(SolutionProperties) = preSolution
		HideSolutionNode = FALSE
	EndGlobalSection
	GlobalSection(ExtensibilityGlobals) = postSolution
		SolutionGuid = {106904EC-9F47-4F04-AF74-AA5D7E451033}
	EndGlobalSection
EndGlobal
